
Microsoft Visual Studio Solution File, Format Version 12.00
# Visual Studio 15
VisualStudioVersion = 15.0.27428.2005
MinimumVisualStudioVersion = 10.0.40219.1
Project("{FAE04EC0-301F-11D3-BF4B-00C04F79EFBC}") = "EquazioniLibrary", "EquazioniLibrary\EquazioniLibrary.csproj", "{A5EBFECB-0172-4957-BE2E-F1FDD89EB0B0}"
EndProject
Project("{FAE04EC0-301F-11D3-BF4B-00C04F79EFBC}") = "CalcoliCombinatori", "CalcoliCombinatori\CalcoliCombinatori.csproj", "{1F9EDA78-BD30-4600-9D39-B3F4401D74C8}"
EndProject
Global
	GlobalSection(SolutionConfigurationPlatforms) = preSolution
		Debug|Any CPU = Debug|Any CPU
		Release|Any CPU = Release|Any CPU
	EndGlobalSection
	GlobalSection(ProjectConfigurationPlatforms) = postSolution
		{A5EBFECB-0172-4957-BE2E-F1FDD89EB0B0}.Debug|Any CPU.ActiveCfg = Debug|Any CPU
		{A5EBFECB-0172-4957-BE2E-F1FDD89EB0B0}.Debug|Any CPU.Build.0 = Debug|Any CPU
		{A5EBFECB-0172-4957-BE2E-F1FDD89EB0B0}.Release|Any CPU.ActiveCfg = Release|Any CPU
		{A5EBFECB-0172-4957-BE2E-F1FDD89EB0B0}.Release|Any CPU.Build.0 = Release|Any CPU
		{1F9EDA78-BD30-4600-9D39-B3F4401D74C8}.Debug|Any CPU.ActiveCfg = Debug|Any CPU
		{1F9EDA78-BD30-4600-9D39-B3F4401D74C8}.Debug|Any CPU.Build.0 = Debug|Any CPU
		{1F9EDA78-BD30-4600-9D39-B3F4401D74C8}.Release|Any CPU.ActiveCfg = Release|Any CPU
		{1F9EDA78-BD30-4600-9D39-B3F4401D74C8}.Release|Any CPU.Build.0 = Release|Any CPU
	EndGlobalSection
	GlobalSection(SolutionProperties) = preSolution
		HideSolutionNode = FALSE
	EndGlobalSection
	GlobalSection(ExtensibilityGlobals) = postSolution
		SolutionGuid = {02BFAD25-8101-4F9A-A03E-EC1E83D910F8}
	EndGlobalSection
EndGlobal
